
Microsoft Visual Studio Solution File, Format Version 12.00
# Visual Studio Version 17
VisualStudioVersion = 17.5.33424.131
MinimumVisualStudioVersion = 10.0.40219.1
Project("{FAE04EC0-301F-11D3-BF4B-00C04F79EFBC}") = "WebApp", "WebApp.csproj", "{916CB542-E417-4614-95A4-9D0C6483CB53}"
EndProject
Project("{FAE04EC0-301F-11D3-BF4B-00C04F79EFBC}") = "Lib", "..\Lib\Lib.csproj", "{DB9B480E-9498-40C9-9750-39A69532AE6F}"
EndProject
Global
	GlobalSection(SolutionConfigurationPlatforms) = preSolution
		Debug|Any CPU = Debug|Any CPU
		Release|Any CPU = Release|Any CPU
	EndGlobalSection
	GlobalSection(ProjectConfigurationPlatforms) = postSolution
		{916CB542-E417-4614-95A4-9D0C6483CB53}.Debug|Any CPU.ActiveCfg = Debug|Any CPU
		{916CB542-E417-4614-95A4-9D0C6483CB53}.Debug|Any CPU.Build.0 = Debug|Any CPU
		{916CB542-E417-4614-95A4-9D0C6483CB53}.Release|Any CPU.ActiveCfg = Release|Any CPU
		{916CB542-E417-4614-95A4-9D0C6483CB53}.Release|Any CPU.Build.0 = Release|Any CPU
		{DB9B480E-9498-40C9-9750-39A69532AE6F}.Debug|Any CPU.ActiveCfg = Debug|Any CPU
		{DB9B480E-9498-40C9-9750-39A69532AE6F}.Debug|Any CPU.Build.0 = Debug|Any CPU
		{DB9B480E-9498-40C9-9750-39A69532AE6F}.Release|Any CPU.ActiveCfg = Release|Any CPU
		{DB9B480E-9498-40C9-9750-39A69532AE6F}.Release|Any CPU.Build.0 = Release|Any CPU
	EndGlobalSection
	GlobalSection(SolutionProperties) = preSolution
		HideSolutionNode = FALSE
	EndGlobalSection
	GlobalSection(ExtensibilityGlobals) = postSolution
		SolutionGuid = {D1ACE171-71B6-4472-B884-A6C389BD9C8D}
	EndGlobalSection
EndGlobal
